# @generated by Move, please check-in and do not edit manually.

[move]
version = 3
manifest_digest = "03CDFBF948A3FEAE614F3CAD16ECED44EC6F3C4C2BC1AA3B434F20F29906705E"
deps_digest = "F9B494B64F0615AED0E98FC12A85B85ECD2BC5185C22D30E7F67786BB52E507C"
dependencies = [
  { id = "Bridge", name = "Bridge" },
  { id = "MoveStdlib", name = "MoveStdlib" },
  { id = "Sui", name = "Sui" },
  { id = "SuiSystem", name = "SuiSystem" },
]

[[move.package]]
id = "Bridge"
source = { git = "https://github.com/MystenLabs/sui.git", rev = "db951a5ea6b125f6253a6b7f436ddba46eb0feb3", subdir = "crates/sui-framework/packages/bridge" }

dependencies = [
  { id = "MoveStdlib", name = "MoveStdlib" },
  { id = "Sui", name = "Sui" },
  { id = "SuiSystem", name = "SuiSystem" },
]

[[move.package]]
id = "MoveStdlib"
source = { git = "https://github.com/MystenLabs/sui.git", rev = "db951a5ea6b125f6253a6b7f436ddba46eb0feb3", subdir = "crates/sui-framework/packages/move-stdlib" }

[[move.package]]
id = "Sui"
source = { git = "https://github.com/MystenLabs/sui.git", rev = "db951a5ea6b125f6253a6b7f436ddba46eb0feb3", subdir = "crates/sui-framework/packages/sui-framework" }

dependencies = [
  { id = "MoveStdlib", name = "MoveStdlib" },
]

[[move.package]]
id = "SuiSystem"
source = { git = "https://github.com/MystenLabs/sui.git", rev = "db951a5ea6b125f6253a6b7f436ddba46eb0feb3", subdir = "crates/sui-framework/packages/sui-system" }

dependencies = [
  { id = "MoveStdlib", name = "MoveStdlib" },
  { id = "Sui", name = "Sui" },
]

[move.toolchain-version]
compiler-version = "1.54.2"
edition = "2024.beta"
flavor = "sui"

[env]

[env.testnet]
chain-id = "4c78adac"
original-published-id = "0x749993f86193ec6314993b4988f4f7d03df7c74a68b4a8f78cc32f605284da8d"
latest-published-id = "0x749993f86193ec6314993b4988f4f7d03df7c74a68b4a8f78cc32f605284da8d"
published-version = "1"

[env.local]
chain-id = "ae294f39"
original-published-id = "0x725dda70f322e9ee7aede6e5ffdf91bc6f7d964e55b75b8f9454c3dbf97c1b15"
latest-published-id = "0x725dda70f322e9ee7aede6e5ffdf91bc6f7d964e55b75b8f9454c3dbf97c1b15"
published-version = "1"

[env.localnet]
chain-id = "16f3d990"
original-published-id = "0xaa9ff26bbfb526b8db1c0efb81d23a23f539c49c95fdae0fe34132890d24fa3b"
latest-published-id = "0xaa9ff26bbfb526b8db1c0efb81d23a23f539c49c95fdae0fe34132890d24fa3b"
published-version = "1"
