# @generated by Move, please check-in and do not edit manually.

[move]
version = 3
manifest_digest = "A5BD2B43EA7DC74C61C5D4AC8F4B7C3DFB81D7B111E5327BC984DBC08F595DC1"
deps_digest = "397E6A9F7A624706DBDFEE056CE88391A15876868FD18A88504DA74EB458D697"
dependencies = [
  { id = "Bridge", name = "Bridge" },
  { id = "MoveStdlib", name = "MoveStdlib" },
  { id = "Sui", name = "Sui" },
  { id = "SuiSystem", name = "SuiSystem" },
  { id = "beelivers_auction", name = "beelivers_auction" },
]

[[move.package]]
id = "Bridge"
source = { git = "https://github.com/MystenLabs/sui.git", rev = "db951a5ea6b125f6253a6b7f436ddba46eb0feb3", subdir = "crates/sui-framework/packages/bridge" }

dependencies = [
  { id = "MoveStdlib", name = "MoveStdlib" },
  { id = "Sui", name = "Sui" },
  { id = "SuiSystem", name = "SuiSystem" },
]

[[move.package]]
id = "MoveStdlib"
source = { git = "https://github.com/MystenLabs/sui.git", rev = "db951a5ea6b125f6253a6b7f436ddba46eb0feb3", subdir = "crates/sui-framework/packages/move-stdlib" }

[[move.package]]
id = "Sui"
source = { git = "https://github.com/MystenLabs/sui.git", rev = "db951a5ea6b125f6253a6b7f436ddba46eb0feb3", subdir = "crates/sui-framework/packages/sui-framework" }

dependencies = [
  { id = "MoveStdlib", name = "MoveStdlib" },
]

[[move.package]]
id = "SuiSystem"
source = { git = "https://github.com/MystenLabs/sui.git", rev = "db951a5ea6b125f6253a6b7f436ddba46eb0feb3", subdir = "crates/sui-framework/packages/sui-system" }

dependencies = [
  { id = "MoveStdlib", name = "MoveStdlib" },
  { id = "Sui", name = "Sui" },
]

[[move.package]]
id = "beelivers_auction"
source = { local = "../beelivers_auction" }

dependencies = [
  { id = "Bridge", name = "Bridge" },
  { id = "MoveStdlib", name = "MoveStdlib" },
  { id = "Sui", name = "Sui" },
  { id = "SuiSystem", name = "SuiSystem" },
]

[move.toolchain-version]
compiler-version = "1.54.2"
edition = "2024.beta"
flavor = "sui"

[env]

[env.localnet]
chain-id = "16f3d990"
original-published-id = "0x5a7bbff48b660002680b17c2179ef598f2dc993f565b0fb80abf141edef09088"
latest-published-id = "0x5a7bbff48b660002680b17c2179ef598f2dc993f565b0fb80abf141edef09088"
published-version = "1"

[env.testnet]
chain-id = "4c78adac"
original-published-id = "0xae0aab765399e42c536b26ee8044efbcdfd4346926a88b26847bf5541cde45ed"
latest-published-id = "0xae0aab765399e42c536b26ee8044efbcdfd4346926a88b26847bf5541cde45ed"
published-version = "1"
